
Microsoft Visual Studio Solution File, Format Version 12.00
# Visual Studio Version 16
VisualStudioVersion = 16.0.31829.152
MinimumVisualStudioVersion = 10.0.40219.1
Project("{2150E333-8FDC-42A3-9474-1A3956D46DE8}") = "Internal", "Internal", "{2926B762-0A50-411F-A067-5F04B4100E31}"
EndProject
Project("{2150E333-8FDC-42A3-9474-1A3956D46DE8}") = "QActions", "QActions", "{7F3E077D-5300-4633-A410-652A78A0FAF8}"
EndProject
Project("{2150E333-8FDC-42A3-9474-1A3956D46DE8}") = "Dlls", "Dlls", "{C86FA852-FBF9-45F3-BD77-EBF23B6AE9FE}"
	ProjectSection(SolutionItems) = preProject
		Dlls\readme.txt = Dlls\readme.txt
	EndProjectSection
EndProject
Project("{2150E333-8FDC-42A3-9474-1A3956D46DE8}") = "Documentation", "Documentation", "{E7B6E84B-3BE4-4F57-848D-1A83B62595C7}"
	ProjectSection(SolutionItems) = preProject
		Documentation\readme.txt = Documentation\readme.txt
	EndProjectSection
EndProject
Project("{2150E333-8FDC-42A3-9474-1A3956D46DE8}") = "Solution Items", "Solution Items", "{1CBB4883-8AD9-4233-B494-906FA8F1EBF7}"
	ProjectSection(SolutionItems) = preProject
		protocol.xml = protocol.xml
	EndProjectSection
EndProject
Project("{2150E333-8FDC-42A3-9474-1A3956D46DE8}") = "Code Analysis", "Code Analysis", "{243412D0-DF44-4AFC-8B4A-F53EBBDBD2C7}"
	ProjectSection(SolutionItems) = preProject
		Internal\Code Analysis\SonarLint-QuickActions-Active.ruleset = Internal\Code Analysis\SonarLint-QuickActions-Active.ruleset
		Internal\Code Analysis\SonarLint-QuickActions-Inactive.ruleset = Internal\Code Analysis\SonarLint-QuickActions-Inactive.ruleset
	EndProjectSection
EndProject
Project("{FAE04EC0-301F-11D3-BF4B-00C04F79EFBC}") = "QAction_Helper", "QAction_Helper\QAction_Helper.csproj", "{4ADCD730-7A19-48C3-ABA3-BA8D2F356851}"
EndProject
Project("{FAE04EC0-301F-11D3-BF4B-00C04F79EFBC}") = "QAction_1", "QAction_1\QAction_1.csproj", "{4B156070-804E-404B-A437-7D855A84244F}"
EndProject
Project("{FAE04EC0-301F-11D3-BF4B-00C04F79EFBC}") = "QAction_2", "QAction_2\QAction_2.csproj", "{19A15309-E3CE-472B-BF96-49FED23A6FBE}"
EndProject
Global
	GlobalSection(SolutionConfigurationPlatforms) = preSolution
		Debug|Any CPU = Debug|Any CPU
		Release|Any CPU = Release|Any CPU
	EndGlobalSection
	GlobalSection(ProjectConfigurationPlatforms) = postSolution
		{4ADCD730-7A19-48C3-ABA3-BA8D2F356851}.Debug|Any CPU.ActiveCfg = Debug|Any CPU
		{4ADCD730-7A19-48C3-ABA3-BA8D2F356851}.Debug|Any CPU.Build.0 = Debug|Any CPU
		{4ADCD730-7A19-48C3-ABA3-BA8D2F356851}.Release|Any CPU.ActiveCfg = Release|Any CPU
		{4ADCD730-7A19-48C3-ABA3-BA8D2F356851}.Release|Any CPU.Build.0 = Release|Any CPU
		{4B156070-804E-404B-A437-7D855A84244F}.Debug|Any CPU.ActiveCfg = Debug|Any CPU
		{4B156070-804E-404B-A437-7D855A84244F}.Debug|Any CPU.Build.0 = Debug|Any CPU
		{4B156070-804E-404B-A437-7D855A84244F}.Release|Any CPU.ActiveCfg = Release|Any CPU
		{4B156070-804E-404B-A437-7D855A84244F}.Release|Any CPU.Build.0 = Release|Any CPU
		{19A15309-E3CE-472B-BF96-49FED23A6FBE}.Debug|Any CPU.ActiveCfg = Debug|Any CPU
		{19A15309-E3CE-472B-BF96-49FED23A6FBE}.Debug|Any CPU.Build.0 = Debug|Any CPU
		{19A15309-E3CE-472B-BF96-49FED23A6FBE}.Release|Any CPU.ActiveCfg = Release|Any CPU
		{19A15309-E3CE-472B-BF96-49FED23A6FBE}.Release|Any CPU.Build.0 = Release|Any CPU
	EndGlobalSection
	GlobalSection(SolutionProperties) = preSolution
		HideSolutionNode = FALSE
	EndGlobalSection
	GlobalSection(NestedProjects) = preSolution
		{243412D0-DF44-4AFC-8B4A-F53EBBDBD2C7} = {2926B762-0A50-411F-A067-5F04B4100E31}
		{4ADCD730-7A19-48C3-ABA3-BA8D2F356851} = {2926B762-0A50-411F-A067-5F04B4100E31}
		{4B156070-804E-404B-A437-7D855A84244F} = {7F3E077D-5300-4633-A410-652A78A0FAF8}
		{19A15309-E3CE-472B-BF96-49FED23A6FBE} = {7F3E077D-5300-4633-A410-652A78A0FAF8}
	EndGlobalSection
	GlobalSection(ExtensibilityGlobals) = postSolution
		SolutionGuid = {9250CAB5-E8DB-4768-9DA5-4ED2016627DE}
	EndGlobalSection
EndGlobal
