
Microsoft Visual Studio Solution File, Format Version 12.00
# Visual Studio Version 17
VisualStudioVersion = 17.5.33502.453
MinimumVisualStudioVersion = 10.0.40219.1
Project("{2150E333-8FDC-42A3-9474-1A3956D46DE8}") = "Internal", "Internal", "{51DB3D0D-719E-42C6-AC6B-93CE42678E67}"
	ProjectSection(SolutionItems) = preProject
		Internal\.editorconfig = Internal\.editorconfig
	EndProjectSection
EndProject
Project("{2150E333-8FDC-42A3-9474-1A3956D46DE8}") = "QActions", "QActions", "{048AB568-08C9-425C-9F3A-E9922BF5B64B}"
EndProject
Project("{2150E333-8FDC-42A3-9474-1A3956D46DE8}") = "Dlls", "Dlls", "{5CE9B0F5-337E-43F6-A0C0-1CB84955F634}"
	ProjectSection(SolutionItems) = preProject
		Dlls\ABOUT.md = Dlls\ABOUT.md
	EndProjectSection
EndProject
Project("{2150E333-8FDC-42A3-9474-1A3956D46DE8}") = "DefaultTemplates", "DefaultTemplates", "{F2683535-3B81-4454-9E99-120E5016BBCE}"
	ProjectSection(SolutionItems) = preProject
		DefaultTemplates\ABOUT.md = DefaultTemplates\ABOUT.md
	EndProjectSection
EndProject
Project("{2150E333-8FDC-42A3-9474-1A3956D46DE8}") = "Documentation", "Documentation", "{59D5B755-8603-448D-AF6D-69C24249DD12}"
	ProjectSection(SolutionItems) = preProject
		Documentation\ABOUT.md = Documentation\ABOUT.md
	EndProjectSection
EndProject
Project("{2150E333-8FDC-42A3-9474-1A3956D46DE8}") = "Solution Items", "Solution Items", "{553E0DBC-FE79-4A4C-A2CD-A4D9DCBD0AB4}"
	ProjectSection(SolutionItems) = preProject
		protocol.xml = protocol.xml
	EndProjectSection
EndProject
Project("{2150E333-8FDC-42A3-9474-1A3956D46DE8}") = "Tests", "Tests", "{5FF16CCE-98E2-43A2-85BB-C2EB5C2CA215}"
EndProject
Project("{2150E333-8FDC-42A3-9474-1A3956D46DE8}") = "Code Analysis", "Code Analysis", "{28598251-3D45-4F39-AC21-3ADFD86088BB}"
	ProjectSection(SolutionItems) = preProject
		Internal\Code Analysis\qaction-debug.ruleset = Internal\Code Analysis\qaction-debug.ruleset
		Internal\Code Analysis\qaction-release.ruleset = Internal\Code Analysis\qaction-release.ruleset
		Internal\Code Analysis\stylecop.json = Internal\Code Analysis\stylecop.json
	EndProjectSection
EndProject
Project("{9A19103F-16F7-4668-BE54-9A1E7A4F7556}") = "QAction_Helper", "QAction_Helper\QAction_Helper.csproj", "{23E71669-C643-474B-A5A2-C77202DA5C5D}"
EndProject
Project("{9A19103F-16F7-4668-BE54-9A1E7A4F7556}") = "QAction_2", "QAction_2\QAction_2.csproj", "{96871704-938E-4517-A8D2-53A9984E72B9}"
EndProject
Project("{9A19103F-16F7-4668-BE54-9A1E7A4F7556}") = "QAction_90", "QAction_90\QAction_90.csproj", "{D756858F-C361-4702-AF2C-4D0F592C418F}"
EndProject
Project("{9A19103F-16F7-4668-BE54-9A1E7A4F7556}") = "QAction_990", "QAction_990\QAction_990.csproj", "{F122F59F-D62E-49BD-A1A6-0B81723F63F2}"
EndProject
Global
	GlobalSection(SolutionConfigurationPlatforms) = preSolution
		Debug|Any CPU = Debug|Any CPU
		Release|Any CPU = Release|Any CPU
	EndGlobalSection
	GlobalSection(ProjectConfigurationPlatforms) = postSolution
		{23E71669-C643-474B-A5A2-C77202DA5C5D}.Debug|Any CPU.ActiveCfg = Debug|Any CPU
		{23E71669-C643-474B-A5A2-C77202DA5C5D}.Debug|Any CPU.Build.0 = Debug|Any CPU
		{23E71669-C643-474B-A5A2-C77202DA5C5D}.Release|Any CPU.ActiveCfg = Release|Any CPU
		{23E71669-C643-474B-A5A2-C77202DA5C5D}.Release|Any CPU.Build.0 = Release|Any CPU
		{96871704-938E-4517-A8D2-53A9984E72B9}.Debug|Any CPU.ActiveCfg = Debug|Any CPU
		{96871704-938E-4517-A8D2-53A9984E72B9}.Debug|Any CPU.Build.0 = Debug|Any CPU
		{96871704-938E-4517-A8D2-53A9984E72B9}.Release|Any CPU.ActiveCfg = Release|Any CPU
		{96871704-938E-4517-A8D2-53A9984E72B9}.Release|Any CPU.Build.0 = Release|Any CPU
		{D756858F-C361-4702-AF2C-4D0F592C418F}.Debug|Any CPU.ActiveCfg = Debug|Any CPU
		{D756858F-C361-4702-AF2C-4D0F592C418F}.Debug|Any CPU.Build.0 = Debug|Any CPU
		{D756858F-C361-4702-AF2C-4D0F592C418F}.Release|Any CPU.ActiveCfg = Release|Any CPU
		{D756858F-C361-4702-AF2C-4D0F592C418F}.Release|Any CPU.Build.0 = Release|Any CPU
		{F122F59F-D62E-49BD-A1A6-0B81723F63F2}.Debug|Any CPU.ActiveCfg = Debug|Any CPU
		{F122F59F-D62E-49BD-A1A6-0B81723F63F2}.Debug|Any CPU.Build.0 = Debug|Any CPU
		{F122F59F-D62E-49BD-A1A6-0B81723F63F2}.Release|Any CPU.ActiveCfg = Release|Any CPU
		{F122F59F-D62E-49BD-A1A6-0B81723F63F2}.Release|Any CPU.Build.0 = Release|Any CPU
	EndGlobalSection
	GlobalSection(SolutionProperties) = preSolution
		HideSolutionNode = FALSE
	EndGlobalSection
	GlobalSection(NestedProjects) = preSolution
		{28598251-3D45-4F39-AC21-3ADFD86088BB} = {51DB3D0D-719E-42C6-AC6B-93CE42678E67}
		{23E71669-C643-474B-A5A2-C77202DA5C5D} = {51DB3D0D-719E-42C6-AC6B-93CE42678E67}
		{96871704-938E-4517-A8D2-53A9984E72B9} = {048AB568-08C9-425C-9F3A-E9922BF5B64B}
		{D756858F-C361-4702-AF2C-4D0F592C418F} = {048AB568-08C9-425C-9F3A-E9922BF5B64B}
		{F122F59F-D62E-49BD-A1A6-0B81723F63F2} = {048AB568-08C9-425C-9F3A-E9922BF5B64B}
	EndGlobalSection
	GlobalSection(ExtensibilityGlobals) = postSolution
		SolutionGuid = {8F341038-84A8-4D3B-8BDA-F264703729B3}
	EndGlobalSection
EndGlobal
